// !$*UTF8*$!
{
	archiveVersion = 1;
	classes = {
	};
	objectVersion = 46;
	objects = {

/* Begin PBXBuildFile section */
		F21844971B2D086D006B7200 /* LandingController.swift in Sources */ = {isa = PBXBuildFile; fileRef = F21844961B2D086D006B7200 /* LandingController.swift */; };
		F23975241B27ABF00071F898 /* GroupCell.swift in Sources */ = {isa = PBXBuildFile; fileRef = F23975231B27ABF00071F898 /* GroupCell.swift */; };
		F23B03791B280A9900BC124E /* UIColorExtension.swift in Sources */ = {isa = PBXBuildFile; fileRef = F23B03781B280A9900BC124E /* UIColorExtension.swift */; };
		F2617C8E1B1A6D9E00765F49 /* LocationAnnotation.swift in Sources */ = {isa = PBXBuildFile; fileRef = F2617C8D1B1A6D9D00765F49 /* LocationAnnotation.swift */; };
		F273CFF21B28A31700B1A7F2 /* LocationManagedObject.swift in Sources */ = {isa = PBXBuildFile; fileRef = F273CFF11B28A31700B1A7F2 /* LocationManagedObject.swift */; };
		F279A1231B30D1D400E65F90 /* ImageViewController.swift in Sources */ = {isa = PBXBuildFile; fileRef = F279A1221B30D1D400E65F90 /* ImageViewController.swift */; };
		F279A1251B30D1E200E65F90 /* GPXViewController.swift in Sources */ = {isa = PBXBuildFile; fileRef = F279A1241B30D1E200E65F90 /* GPXViewController.swift */; };
		F279A1271B30D1EF00E65F90 /* EditWaypointViewController.swift in Sources */ = {isa = PBXBuildFile; fileRef = F279A1261B30D1EF00E65F90 /* EditWaypointViewController.swift */; };
		F279A1291B30D20400E65F90 /* WaypointImageViewController.swift in Sources */ = {isa = PBXBuildFile; fileRef = F279A1281B30D20400E65F90 /* WaypointImageViewController.swift */; };
		F279A12B1B30D28B00E65F90 /* MKGPX.swift in Sources */ = {isa = PBXBuildFile; fileRef = F279A12A1B30D28B00E65F90 /* MKGPX.swift */; };
		F279A12D1B30D29F00E65F90 /* GPX.swift in Sources */ = {isa = PBXBuildFile; fileRef = F279A12C1B30D29F00E65F90 /* GPX.swift */; };
		F2A093D61B2A5C0700D3CF33 /* LocationCell.swift in Sources */ = {isa = PBXBuildFile; fileRef = F2A093D51B2A5C0700D3CF33 /* LocationCell.swift */; };
		F2AB76C01B26C13A003F49C1 /* LocationViewController.swift in Sources */ = {isa = PBXBuildFile; fileRef = F2AB76BF1B26C13A003F49C1 /* LocationViewController.swift */; };
		F2B480631B33851500ED748C /* LocationDataController.swift in Sources */ = {isa = PBXBuildFile; fileRef = F2B480621B33851500ED748C /* LocationDataController.swift */; };
		F2C08CAA1B19694800F6196E /* AppDelegate.swift in Sources */ = {isa = PBXBuildFile; fileRef = F2C08CA91B19694800F6196E /* AppDelegate.swift */; };
		F2C08CAD1B19694800F6196E /* SaveMyLocation.xcdatamodeld in Sources */ = {isa = PBXBuildFile; fileRef = F2C08CAB1B19694800F6196E /* SaveMyLocation.xcdatamodeld */; };
		F2C08CB21B19694800F6196E /* Main.storyboard in Resources */ = {isa = PBXBuildFile; fileRef = F2C08CB01B19694800F6196E /* Main.storyboard */; };
		F2C08CB41B19694800F6196E /* Images.xcassets in Resources */ = {isa = PBXBuildFile; fileRef = F2C08CB31B19694800F6196E /* Images.xcassets */; };
		F2C08CB71B19694800F6196E /* LaunchScreen.xib in Resources */ = {isa = PBXBuildFile; fileRef = F2C08CB51B19694800F6196E /* LaunchScreen.xib */; };
		F2C08CC31B19694800F6196E /* SaveMyLocationTests.swift in Sources */ = {isa = PBXBuildFile; fileRef = F2C08CC21B19694800F6196E /* SaveMyLocationTests.swift */; };
		F2DAC10E1B324F7200A11CB6 /* FUICellBackgroundView.swift in Sources */ = {isa = PBXBuildFile; fileRef = F2DAC10D1B324F7200A11CB6 /* FUICellBackgroundView.swift */; };
		F2DAC1121B329C1200A11CB6 /* Location.swift in Sources */ = {isa = PBXBuildFile; fileRef = F2DAC1111B329C1200A11CB6 /* Location.swift */; };
		F2DFE8F81B37DC1000DBA7E6 /* SimpleMapViewController.swift in Sources */ = {isa = PBXBuildFile; fileRef = F2DFE8F71B37DC1000DBA7E6 /* SimpleMapViewController.swift */; };
		F2DFE8FA1B37E93E00DBA7E6 /* GlobalSplitViewController.swift in Sources */ = {isa = PBXBuildFile; fileRef = F2DFE8F91B37E93E00DBA7E6 /* GlobalSplitViewController.swift */; };
/* End PBXBuildFile section */

/* Begin PBXContainerItemProxy section */
		F2C08CBD1B19694800F6196E /* PBXContainerItemProxy */ = {
			isa = PBXContainerItemProxy;
			containerPortal = F2C08C9C1B19694800F6196E /* Project object */;
			proxyType = 1;
			remoteGlobalIDString = F2C08CA31B19694800F6196E;
			remoteInfo = SaveMyLocation;
		};
/* End PBXContainerItemProxy section */

/* Begin PBXCopyFilesBuildPhase section */
		F24E4E9F1B2968E50050E5F4 /* Embed Frameworks */ = {
			isa = PBXCopyFilesBuildPhase;
			buildActionMask = 2147483647;
			dstPath = "";
			dstSubfolderSpec = 10;
			files = (
			);
			name = "Embed Frameworks";
			runOnlyForDeploymentPostprocessing = 0;
		};
/* End PBXCopyFilesBuildPhase section */

/* Begin PBXFileReference section */
		F21844961B2D086D006B7200 /* LandingController.swift */ = {isa = PBXFileReference; fileEncoding = 4; lastKnownFileType = sourcecode.swift; path = LandingController.swift; sourceTree = "<group>"; };
		F23975231B27ABF00071F898 /* GroupCell.swift */ = {isa = PBXFileReference; fileEncoding = 4; lastKnownFileType = sourcecode.swift; path = GroupCell.swift; sourceTree = "<group>"; };
		F23B03781B280A9900BC124E /* UIColorExtension.swift */ = {isa = PBXFileReference; fileEncoding = 4; lastKnownFileType = sourcecode.swift; path = UIColorExtension.swift; sourceTree = "<group>"; };
		F2617C8D1B1A6D9D00765F49 /* LocationAnnotation.swift */ = {isa = PBXFileReference; fileEncoding = 4; lastKnownFileType = sourcecode.swift; path = LocationAnnotation.swift; sourceTree = "<group>"; };
		F273CFF11B28A31700B1A7F2 /* LocationManagedObject.swift */ = {isa = PBXFileReference; fileEncoding = 4; lastKnownFileType = sourcecode.swift; path = LocationManagedObject.swift; sourceTree = "<group>"; };
		F279A1221B30D1D400E65F90 /* ImageViewController.swift */ = {isa = PBXFileReference; fileEncoding = 4; lastKnownFileType = sourcecode.swift; path = ImageViewController.swift; sourceTree = "<group>"; };
		F279A1241B30D1E200E65F90 /* GPXViewController.swift */ = {isa = PBXFileReference; fileEncoding = 4; lastKnownFileType = sourcecode.swift; path = GPXViewController.swift; sourceTree = "<group>"; };
		F279A1261B30D1EF00E65F90 /* EditWaypointViewController.swift */ = {isa = PBXFileReference; fileEncoding = 4; lastKnownFileType = sourcecode.swift; path = EditWaypointViewController.swift; sourceTree = "<group>"; };
		F279A1281B30D20400E65F90 /* WaypointImageViewController.swift */ = {isa = PBXFileReference; fileEncoding = 4; lastKnownFileType = sourcecode.swift; path = WaypointImageViewController.swift; sourceTree = "<group>"; };
		F279A12A1B30D28B00E65F90 /* MKGPX.swift */ = {isa = PBXFileReference; fileEncoding = 4; lastKnownFileType = sourcecode.swift; path = MKGPX.swift; sourceTree = "<group>"; };
		F279A12C1B30D29F00E65F90 /* GPX.swift */ = {isa = PBXFileReference; fileEncoding = 4; lastKnownFileType = sourcecode.swift; path = GPX.swift; sourceTree = "<group>"; };
		F2A093D51B2A5C0700D3CF33 /* LocationCell.swift */ = {isa = PBXFileReference; fileEncoding = 4; lastKnownFileType = sourcecode.swift; path = LocationCell.swift; sourceTree = "<group>"; };
		F2AB76BF1B26C13A003F49C1 /* LocationViewController.swift */ = {isa = PBXFileReference; fileEncoding = 4; lastKnownFileType = sourcecode.swift; path = LocationViewController.swift; sourceTree = "<group>"; };
		F2B480621B33851500ED748C /* LocationDataController.swift */ = {isa = PBXFileReference; fileEncoding = 4; lastKnownFileType = sourcecode.swift; path = LocationDataController.swift; sourceTree = "<group>"; };
		F2C08CA41B19694800F6196E /* SaveMyLocation.app */ = {isa = PBXFileReference; explicitFileType = wrapper.application; includeInIndex = 0; path = SaveMyLocation.app; sourceTree = BUILT_PRODUCTS_DIR; };
		F2C08CA81B19694800F6196E /* Info.plist */ = {isa = PBXFileReference; lastKnownFileType = text.plist.xml; path = Info.plist; sourceTree = "<group>"; };
		F2C08CA91B19694800F6196E /* AppDelegate.swift */ = {isa = PBXFileReference; lastKnownFileType = sourcecode.swift; path = AppDelegate.swift; sourceTree = "<group>"; };
		F2C08CAC1B19694800F6196E /* SaveMyLocation.xcdatamodel */ = {isa = PBXFileReference; lastKnownFileType = wrapper.xcdatamodel; path = SaveMyLocation.xcdatamodel; sourceTree = "<group>"; };
		F2C08CB11B19694800F6196E /* Base */ = {isa = PBXFileReference; lastKnownFileType = file.storyboard; name = Base; path = Base.lproj/Main.storyboard; sourceTree = "<group>"; };
		F2C08CB31B19694800F6196E /* Images.xcassets */ = {isa = PBXFileReference; lastKnownFileType = folder.assetcatalog; path = Images.xcassets; sourceTree = "<group>"; };
		F2C08CB61B19694800F6196E /* Base */ = {isa = PBXFileReference; lastKnownFileType = file.xib; name = Base; path = Base.lproj/LaunchScreen.xib; sourceTree = "<group>"; };
		F2C08CBC1B19694800F6196E /* SaveMyLocationTests.xctest */ = {isa = PBXFileReference; explicitFileType = wrapper.cfbundle; includeInIndex = 0; path = SaveMyLocationTests.xctest; sourceTree = BUILT_PRODUCTS_DIR; };
		F2C08CC11B19694800F6196E /* Info.plist */ = {isa = PBXFileReference; lastKnownFileType = text.plist.xml; path = Info.plist; sourceTree = "<group>"; };
		F2C08CC21B19694800F6196E /* SaveMyLocationTests.swift */ = {isa = PBXFileReference; lastKnownFileType = sourcecode.swift; path = SaveMyLocationTests.swift; sourceTree = "<group>"; };
		F2DAC10D1B324F7200A11CB6 /* FUICellBackgroundView.swift */ = {isa = PBXFileReference; fileEncoding = 4; lastKnownFileType = sourcecode.swift; path = FUICellBackgroundView.swift; sourceTree = "<group>"; };
		F2DAC1111B329C1200A11CB6 /* Location.swift */ = {isa = PBXFileReference; fileEncoding = 4; lastKnownFileType = sourcecode.swift; path = Location.swift; sourceTree = "<group>"; };
		F2DFE8F71B37DC1000DBA7E6 /* SimpleMapViewController.swift */ = {isa = PBXFileReference; fileEncoding = 4; lastKnownFileType = sourcecode.swift; path = SimpleMapViewController.swift; sourceTree = "<group>"; };
		F2DFE8F91B37E93E00DBA7E6 /* GlobalSplitViewController.swift */ = {isa = PBXFileReference; fileEncoding = 4; lastKnownFileType = sourcecode.swift; path = GlobalSplitViewController.swift; sourceTree = "<group>"; };
/* End PBXFileReference section */

/* Begin PBXFrameworksBuildPhase section */
		F2C08CA11B19694800F6196E /* Frameworks */ = {
			isa = PBXFrameworksBuildPhase;
			buildActionMask = 2147483647;
			files = (
			);
			runOnlyForDeploymentPostprocessing = 0;
		};
		F2C08CB91B19694800F6196E /* Frameworks */ = {
			isa = PBXFrameworksBuildPhase;
			buildActionMask = 2147483647;
			files = (
			);
			runOnlyForDeploymentPostprocessing = 0;
		};
/* End PBXFrameworksBuildPhase section */

/* Begin PBXGroup section */
		F2C08C9B1B19694800F6196E = {
			isa = PBXGroup;
			children = (
				F2DAC1111B329C1200A11CB6 /* Location.swift */,
				F2C08CA61B19694800F6196E /* SaveMyLocation */,
				F2C08CBF1B19694800F6196E /* SaveMyLocationTests */,
				F2C08CA51B19694800F6196E /* Products */,
			);
			sourceTree = "<group>";
		};
		F2C08CA51B19694800F6196E /* Products */ = {
			isa = PBXGroup;
			children = (
				F2C08CA41B19694800F6196E /* SaveMyLocation.app */,
				F2C08CBC1B19694800F6196E /* SaveMyLocationTests.xctest */,
			);
			name = Products;
			sourceTree = "<group>";
		};
		F2C08CA61B19694800F6196E /* SaveMyLocation */ = {
			isa = PBXGroup;
			children = (
				F2DFE8F71B37DC1000DBA7E6 /* SimpleMapViewController.swift */,
				F279A12C1B30D29F00E65F90 /* GPX.swift */,
				F279A12A1B30D28B00E65F90 /* MKGPX.swift */,
				F279A1281B30D20400E65F90 /* WaypointImageViewController.swift */,
				F279A1261B30D1EF00E65F90 /* EditWaypointViewController.swift */,
				F279A1241B30D1E200E65F90 /* GPXViewController.swift */,
				F279A1221B30D1D400E65F90 /* ImageViewController.swift */,
				F2C08CA91B19694800F6196E /* AppDelegate.swift */,
				F2AB76BF1B26C13A003F49C1 /* LocationViewController.swift */,
				F2B480621B33851500ED748C /* LocationDataController.swift */,
				F23B03781B280A9900BC124E /* UIColorExtension.swift */,
				F23975231B27ABF00071F898 /* GroupCell.swift */,
				F2A093D51B2A5C0700D3CF33 /* LocationCell.swift */,
				F2617C8D1B1A6D9D00765F49 /* LocationAnnotation.swift */,
				F273CFF11B28A31700B1A7F2 /* LocationManagedObject.swift */,
				F2C08CB01B19694800F6196E /* Main.storyboard */,
				F2DFE8F91B37E93E00DBA7E6 /* GlobalSplitViewController.swift */,
				F21844961B2D086D006B7200 /* LandingController.swift */,
				F2C08CB31B19694800F6196E /* Images.xcassets */,
				F2C08CB51B19694800F6196E /* LaunchScreen.xib */,
				F2DAC10D1B324F7200A11CB6 /* FUICellBackgroundView.swift */,
				F2C08CAB1B19694800F6196E /* SaveMyLocation.xcdatamodeld */,
				F2C08CA71B19694800F6196E /* Supporting Files */,
			);
			path = SaveMyLocation;
			sourceTree = "<group>";
		};
		F2C08CA71B19694800F6196E /* Supporting Files */ = {
			isa = PBXGroup;
			children = (
				F2C08CA81B19694800F6196E /* Info.plist */,
			);
			name = "Supporting Files";
			sourceTree = "<group>";
		};
		F2C08CBF1B19694800F6196E /* SaveMyLocationTests */ = {
			isa = PBXGroup;
			children = (
				F2C08CC21B19694800F6196E /* SaveMyLocationTests.swift */,
				F2C08CC01B19694800F6196E /* Supporting Files */,
			);
			path = SaveMyLocationTests;
			sourceTree = "<group>";
		};
		F2C08CC01B19694800F6196E /* Supporting Files */ = {
			isa = PBXGroup;
			children = (
				F2C08CC11B19694800F6196E /* Info.plist */,
			);
			name = "Supporting Files";
			sourceTree = "<group>";
		};
/* End PBXGroup section */

/* Begin PBXNativeTarget section */
		F2C08CA31B19694800F6196E /* SaveMyLocation */ = {
			isa = PBXNativeTarget;
			buildConfigurationList = F2C08CC61B19694800F6196E /* Build configuration list for PBXNativeTarget "SaveMyLocation" */;
			buildPhases = (
				F2C08CA01B19694800F6196E /* Sources */,
				F2C08CA11B19694800F6196E /* Frameworks */,
				F2C08CA21B19694800F6196E /* Resources */,
				F24E4E9F1B2968E50050E5F4 /* Embed Frameworks */,
				F2755DF91B29F3400072C3C4 /* ShellScript */,
			);
			buildRules = (
			);
			dependencies = (
			);
			name = SaveMyLocation;
			productName = SaveMyLocation;
			productReference = F2C08CA41B19694800F6196E /* SaveMyLocation.app */;
			productType = "com.apple.product-type.application";
		};
		F2C08CBB1B19694800F6196E /* SaveMyLocationTests */ = {
			isa = PBXNativeTarget;
			buildConfigurationList = F2C08CC91B19694800F6196E /* Build configuration list for PBXNativeTarget "SaveMyLocationTests" */;
			buildPhases = (
				F2C08CB81B19694800F6196E /* Sources */,
				F2C08CB91B19694800F6196E /* Frameworks */,
				F2C08CBA1B19694800F6196E /* Resources */,
			);
			buildRules = (
			);
			dependencies = (
				F2C08CBE1B19694800F6196E /* PBXTargetDependency */,
			);
			name = SaveMyLocationTests;
			productName = SaveMyLocationTests;
			productReference = F2C08CBC1B19694800F6196E /* SaveMyLocationTests.xctest */;
			productType = "com.apple.product-type.bundle.unit-test";
		};
/* End PBXNativeTarget section */

/* Begin PBXProject section */
		F2C08C9C1B19694800F6196E /* Project object */ = {
			isa = PBXProject;
			attributes = {
				LastSwiftUpdateCheck = 0700;
				LastUpgradeCheck = 0700;
				ORGANIZATIONNAME = "Gina Hagg";
				TargetAttributes = {
					F2C08CA31B19694800F6196E = {
						CreatedOnToolsVersion = 6.3;
						DevelopmentTeam = 77R4369KF5;
					};
					F2C08CBB1B19694800F6196E = {
						CreatedOnToolsVersion = 6.3;
						TestTargetID = F2C08CA31B19694800F6196E;
					};
				};
			};
			buildConfigurationList = F2C08C9F1B19694800F6196E /* Build configuration list for PBXProject "SaveMyLocation" */;
			compatibilityVersion = "Xcode 3.2";
			developmentRegion = English;
			hasScannedForEncodings = 0;
			knownRegions = (
				en,
				Base,
			);
			mainGroup = F2C08C9B1B19694800F6196E;
			productRefGroup = F2C08CA51B19694800F6196E /* Products */;
			projectDirPath = "";
			projectRoot = "";
			targets = (
				F2C08CA31B19694800F6196E /* SaveMyLocation */,
				F2C08CBB1B19694800F6196E /* SaveMyLocationTests */,
			);
		};
/* End PBXProject section */

/* Begin PBXResourcesBuildPhase section */
		F2C08CA21B19694800F6196E /* Resources */ = {
			isa = PBXResourcesBuildPhase;
			buildActionMask = 2147483647;
			files = (
				F2C08CB21B19694800F6196E /* Main.storyboard in Resources */,
				F2C08CB71B19694800F6196E /* LaunchScreen.xib in Resources */,
				F2C08CB41B19694800F6196E /* Images.xcassets in Resources */,
			);
			runOnlyForDeploymentPostprocessing = 0;
		};
		F2C08CBA1B19694800F6196E /* Resources */ = {
			isa = PBXResourcesBuildPhase;
			buildActionMask = 2147483647;
			files = (
			);
			runOnlyForDeploymentPostprocessing = 0;
		};
/* End PBXResourcesBuildPhase section */

/* Begin PBXShellScriptBuildPhase section */
		F2755DF91B29F3400072C3C4 /* ShellScript */ = {
			isa = PBXShellScriptBuildPhase;
			buildActionMask = 2147483647;
			files = (
			);
			inputPaths = (
			);
			outputPaths = (
			);
			runOnlyForDeploymentPostprocessing = 0;
			shellPath = /bin/sh;
			shellScript = "";
		};
/* End PBXShellScriptBuildPhase section */

/* Begin PBXSourcesBuildPhase section */
		F2C08CA01B19694800F6196E /* Sources */ = {
			isa = PBXSourcesBuildPhase;
			buildActionMask = 2147483647;
			files = (
				F279A1251B30D1E200E65F90 /* GPXViewController.swift in Sources */,
				F2DFE8F81B37DC1000DBA7E6 /* SimpleMapViewController.swift in Sources */,
				F23975241B27ABF00071F898 /* GroupCell.swift in Sources */,
				F2DAC10E1B324F7200A11CB6 /* FUICellBackgroundView.swift in Sources */,
				F2B480631B33851500ED748C /* LocationDataController.swift in Sources */,
				F2DAC1121B329C1200A11CB6 /* Location.swift in Sources */,
				F2DFE8FA1B37E93E00DBA7E6 /* GlobalSplitViewController.swift in Sources */,
				F21844971B2D086D006B7200 /* LandingController.swift in Sources */,
				F2C08CAA1B19694800F6196E /* AppDelegate.swift in Sources */,
				F279A1231B30D1D400E65F90 /* ImageViewController.swift in Sources */,
				F279A1271B30D1EF00E65F90 /* EditWaypointViewController.swift in Sources */,
				F2AB76C01B26C13A003F49C1 /* LocationViewController.swift in Sources */,
				F23B03791B280A9900BC124E /* UIColorExtension.swift in Sources */,
				F279A1291B30D20400E65F90 /* WaypointImageViewController.swift in Sources */,
				F2A093D61B2A5C0700D3CF33 /* LocationCell.swift in Sources */,
				F279A12B1B30D28B00E65F90 /* MKGPX.swift in Sources */,
				F2C08CAD1B19694800F6196E /* SaveMyLocation.xcdatamodeld in Sources */,
				F273CFF21B28A31700B1A7F2 /* LocationManagedObject.swift in Sources */,
				F2617C8E1B1A6D9E00765F49 /* LocationAnnotation.swift in Sources */,
				F279A12D1B30D29F00E65F90 /* GPX.swift in Sources */,
			);
			runOnlyForDeploymentPostprocessing = 0;
		};
		F2C08CB81B19694800F6196E /* Sources */ = {
			isa = PBXSourcesBuildPhase;
			buildActionMask = 2147483647;
			files = (
				F2C08CC31B19694800F6196E /* SaveMyLocationTests.swift in Sources */,
			);
			runOnlyForDeploymentPostprocessing = 0;
		};
/* End PBXSourcesBuildPhase section */

/* Begin PBXTargetDependency section */
		F2C08CBE1B19694800F6196E /* PBXTargetDependency */ = {
			isa = PBXTargetDependency;
			target = F2C08CA31B19694800F6196E /* SaveMyLocation */;
			targetProxy = F2C08CBD1B19694800F6196E /* PBXContainerItemProxy */;
		};
/* End PBXTargetDependency section */

/* Begin PBXVariantGroup section */
		F2C08CB01B19694800F6196E /* Main.storyboard */ = {
			isa = PBXVariantGroup;
			children = (
				F2C08CB11B19694800F6196E /* Base */,
			);
			name = Main.storyboard;
			sourceTree = "<group>";
		};
		F2C08CB51B19694800F6196E /* LaunchScreen.xib */ = {
			isa = PBXVariantGroup;
			children = (
				F2C08CB61B19694800F6196E /* Base */,
			);
			name = LaunchScreen.xib;
			sourceTree = "<group>";
		};
/* End PBXVariantGroup section */

/* Begin XCBuildConfiguration section */
		F2C08CC41B19694800F6196E /* Debug */ = {
			isa = XCBuildConfiguration;
			buildSettings = {
				ALWAYS_SEARCH_USER_PATHS = NO;
				CLANG_CXX_LANGUAGE_STANDARD = "gnu++0x";
				CLANG_CXX_LIBRARY = "libc++";
				CLANG_ENABLE_MODULES = YES;
				CLANG_ENABLE_OBJC_ARC = YES;
				CLANG_WARN_BOOL_CONVERSION = YES;
				CLANG_WARN_CONSTANT_CONVERSION = YES;
				CLANG_WARN_DIRECT_OBJC_ISA_USAGE = YES_ERROR;
				CLANG_WARN_EMPTY_BODY = YES;
				CLANG_WARN_ENUM_CONVERSION = YES;
				CLANG_WARN_INT_CONVERSION = YES;
				CLANG_WARN_OBJC_ROOT_CLASS = YES_ERROR;
				CLANG_WARN_UNREACHABLE_CODE = YES;
				CLANG_WARN__DUPLICATE_METHOD_MATCH = YES;
				"CODE_SIGN_IDENTITY[sdk=iphoneos*]" = "iPhone Developer";
				COPY_PHASE_STRIP = NO;
				DEBUG_INFORMATION_FORMAT = "dwarf-with-dsym";
				ENABLE_STRICT_OBJC_MSGSEND = YES;
				ENABLE_TESTABILITY = YES;
				"FRAMEWORK_SEARCH_PATHS[arch=*]" = "";
				GCC_C_LANGUAGE_STANDARD = gnu99;
				GCC_DYNAMIC_NO_PIC = NO;
				GCC_NO_COMMON_BLOCKS = YES;
				GCC_OPTIMIZATION_LEVEL = 0;
				GCC_PREPROCESSOR_DEFINITIONS = (
					"DEBUG=1",
					"$(inherited)",
				);
				GCC_SYMBOLS_PRIVATE_EXTERN = NO;
				GCC_WARN_64_TO_32_BIT_CONVERSION = YES;
				GCC_WARN_ABOUT_RETURN_TYPE = YES_ERROR;
				GCC_WARN_UNDECLARED_SELECTOR = YES;
				GCC_WARN_UNINITIALIZED_AUTOS = YES_AGGRESSIVE;
				GCC_WARN_UNUSED_FUNCTION = YES;
				GCC_WARN_UNUSED_VARIABLE = YES;
				IPHONEOS_DEPLOYMENT_TARGET = 8.3;
				MTL_ENABLE_DEBUG_INFO = YES;
				ONLY_ACTIVE_ARCH = YES;
				SDKROOT = iphoneos;
				SWIFT_OPTIMIZATION_LEVEL = "-Onone";
				TARGETED_DEVICE_FAMILY = "1,2";
			};
			name = Debug;
		};
		F2C08CC51B19694800F6196E /* Release */ = {
			isa = XCBuildConfiguration;
			buildSettings = {
				ALWAYS_SEARCH_USER_PATHS = NO;
				CLANG_CXX_LANGUAGE_STANDARD = "gnu++0x";
				CLANG_CXX_LIBRARY = "libc++";
				CLANG_ENABLE_MODULES = YES;
				CLANG_ENABLE_OBJC_ARC = YES;
				CLANG_WARN_BOOL_CONVERSION = YES;
				CLANG_WARN_CONSTANT_CONVERSION = YES;
				CLANG_WARN_DIRECT_OBJC_ISA_USAGE = YES_ERROR;
				CLANG_WARN_EMPTY_BODY = YES;
				CLANG_WARN_ENUM_CONVERSION = YES;
				CLANG_WARN_INT_CONVERSION = YES;
				CLANG_WARN_OBJC_ROOT_CLASS = YES_ERROR;
				CLANG_WARN_UNREACHABLE_CODE = YES;
				CLANG_WARN__DUPLICATE_METHOD_MATCH = YES;
				"CODE_SIGN_IDENTITY[sdk=iphoneos*]" = "iPhone Developer";
				COPY_PHASE_STRIP = NO;
				DEBUG_INFORMATION_FORMAT = "dwarf-with-dsym";
				ENABLE_NS_ASSERTIONS = NO;
				ENABLE_STRICT_OBJC_MSGSEND = YES;
				GCC_C_LANGUAGE_STANDARD = gnu99;
				GCC_NO_COMMON_BLOCKS = YES;
				GCC_WARN_64_TO_32_BIT_CONVERSION = YES;
				GCC_WARN_ABOUT_RETURN_TYPE = YES_ERROR;
				GCC_WARN_UNDECLARED_SELECTOR = YES;
				GCC_WARN_UNINITIALIZED_AUTOS = YES_AGGRESSIVE;
				GCC_WARN_UNUSED_FUNCTION = YES;
				GCC_WARN_UNUSED_VARIABLE = YES;
				IPHONEOS_DEPLOYMENT_TARGET = 8.3;
				MTL_ENABLE_DEBUG_INFO = NO;
				SDKROOT = iphoneos;
				TARGETED_DEVICE_FAMILY = "1,2";
				VALIDATE_PRODUCT = YES;
			};
			name = Release;
		};
		F2C08CC71B19694800F6196E /* Debug */ = {
			isa = XCBuildConfiguration;
			buildSettings = {
				ASSETCATALOG_COMPILER_APPICON_NAME = AppIcon;
				CODE_SIGN_IDENTITY = "iPhone Developer";
				"CODE_SIGN_IDENTITY[sdk=iphoneos*]" = "iPhone Developer";
				FRAMEWORK_SEARCH_PATHS = (
					"$(inherited)",
					"$(PROJECT_DIR)",
				);
				INFOPLIST_FILE = SaveMyLocation/Info.plist;
				IPHONEOS_DEPLOYMENT_TARGET = 8.3;
				LD_RUNPATH_SEARCH_PATHS = "$(inherited) @executable_path/Frameworks";
				PRODUCT_BUNDLE_IDENTIFIER = "com.gina.$(PRODUCT_NAME:rfc1034identifier)";
				PRODUCT_NAME = "$(TARGET_NAME)";
				PROVISIONING_PROFILE = "";
				TARGETED_DEVICE_FAMILY = "1,2";
			};
			name = Debug;
		};
		F2C08CC81B19694800F6196E /* Release */ = {
			isa = XCBuildConfiguration;
			buildSettings = {
				ASSETCATALOG_COMPILER_APPICON_NAME = AppIcon;
				CODE_SIGN_IDENTITY = "iPhone Developer";
				"CODE_SIGN_IDENTITY[sdk=iphoneos*]" = "iPhone Developer";
				FRAMEWORK_SEARCH_PATHS = (
					"$(inherited)",
					"$(PROJECT_DIR)",
				);
				INFOPLIST_FILE = SaveMyLocation/Info.plist;
				IPHONEOS_DEPLOYMENT_TARGET = 8.3;
				LD_RUNPATH_SEARCH_PATHS = "$(inherited) @executable_path/Frameworks";
				PRODUCT_BUNDLE_IDENTIFIER = "com.gina.$(PRODUCT_NAME:rfc1034identifier)";
				PRODUCT_NAME = "$(TARGET_NAME)";
				PROVISIONING_PROFILE = "";
				TARGETED_DEVICE_FAMILY = "1,2";
			};
			name = Release;
		};
		F2C08CCA1B19694800F6196E /* Debug */ = {
			isa = XCBuildConfiguration;
			buildSettings = {
				BUNDLE_LOADER = "$(TEST_HOST)";
				FRAMEWORK_SEARCH_PATHS = (
					"$(SDKROOT)/Developer/Library/Frameworks",
					"$(inherited)",
				);
				GCC_PREPROCESSOR_DEFINITIONS = (
					"DEBUG=1",
					"$(inherited)",
				);
				INFOPLIST_FILE = SaveMyLocationTests/Info.plist;
				LD_RUNPATH_SEARCH_PATHS = "$(inherited) @executable_path/Frameworks @loader_path/Frameworks";
				PRODUCT_BUNDLE_IDENTIFIER = "com.gina.$(PRODUCT_NAME:rfc1034identifier)";
				PRODUCT_NAME = "$(TARGET_NAME)";
				TEST_HOST = "$(BUILT_PRODUCTS_DIR)/SaveMyLocation.app/SaveMyLocation";
			};
			name = Debug;
		};
		F2C08CCB1B19694800F6196E /* Release */ = {
			isa = XCBuildConfiguration;
			buildSettings = {
				BUNDLE_LOADER = "$(TEST_HOST)";
				FRAMEWORK_SEARCH_PATHS = (
					"$(SDKROOT)/Developer/Library/Frameworks",
					"$(inherited)",
				);
				INFOPLIST_FILE = SaveMyLocationTests/Info.plist;
				LD_RUNPATH_SEARCH_PATHS = "$(inherited) @executable_path/Frameworks @loader_path/Frameworks";
				PRODUCT_BUNDLE_IDENTIFIER = "com.gina.$(PRODUCT_NAME:rfc1034identifier)";
				PRODUCT_NAME = "$(TARGET_NAME)";
				TEST_HOST = "$(BUILT_PRODUCTS_DIR)/SaveMyLocation.app/SaveMyLocation";
			};
			name = Release;
		};
/* End XCBuildConfiguration section */

/* Begin XCConfigurationList section */
		F2C08C9F1B19694800F6196E /* Build configuration list for PBXProject "SaveMyLocation" */ = {
			isa = XCConfigurationList;
			buildConfigurations = (
				F2C08CC41B19694800F6196E /* Debug */,
				F2C08CC51B19694800F6196E /* Release */,
			);
			defaultConfigurationIsVisible = 0;
			defaultConfigurationName = Release;
		};
		F2C08CC61B19694800F6196E /* Build configuration list for PBXNativeTarget "SaveMyLocation" */ = {
			isa = XCConfigurationList;
			buildConfigurations = (
				F2C08CC71B19694800F6196E /* Debug */,
				F2C08CC81B19694800F6196E /* Release */,
			);
			defaultConfigurationIsVisible = 0;
			defaultConfigurationName = Release;
		};
		F2C08CC91B19694800F6196E /* Build configuration list for PBXNativeTarget "SaveMyLocationTests" */ = {
			isa = XCConfigurationList;
			buildConfigurations = (
				F2C08CCA1B19694800F6196E /* Debug */,
				F2C08CCB1B19694800F6196E /* Release */,
			);
			defaultConfigurationIsVisible = 0;
			defaultConfigurationName = Release;
		};
/* End XCConfigurationList section */

/* Begin XCVersionGroup section */
		F2C08CAB1B19694800F6196E /* SaveMyLocation.xcdatamodeld */ = {
			isa = XCVersionGroup;
			children = (
				F2C08CAC1B19694800F6196E /* SaveMyLocation.xcdatamodel */,
			);
			currentVersion = F2C08CAC1B19694800F6196E /* SaveMyLocation.xcdatamodel */;
			path = SaveMyLocation.xcdatamodeld;
			sourceTree = "<group>";
			versionGroupType = wrapper.xcdatamodel;
		};
/* End XCVersionGroup section */
	};
	rootObject = F2C08C9C1B19694800F6196E /* Project object */;
}
